
Microsoft Visual Studio Solution File, Format Version 12.00
# Visual Studio Version 17
VisualStudioVersion = 17.14.36109.1 d17.14
MinimumVisualStudioVersion = 10.0.40219.1
Project("{FAE04EC0-301F-11D3-BF4B-00C04F79EFBC}") = "LB1_Calc", "LB1_Calc.csproj", "{27BE4E2D-25F6-4E01-8A0A-F339FA24D356}"
EndProject
Project("{FAE04EC0-301F-11D3-BF4B-00C04F79EFBC}") = "LB1_Conv", "..\LB1_Conv\LB1_Conv.csproj", "{C9E939ED-8B22-468D-8A06-D4DEAB3262CA}"
EndProject
Global
	GlobalSection(SolutionConfigurationPlatforms) = preSolution
		Debug|Any CPU = Debug|Any CPU
		Release|Any CPU = Release|Any CPU
	EndGlobalSection
	GlobalSection(ProjectConfigurationPlatforms) = postSolution
		{27BE4E2D-25F6-4E01-8A0A-F339FA24D356}.Debug|Any CPU.ActiveCfg = Debug|Any CPU
		{27BE4E2D-25F6-4E01-8A0A-F339FA24D356}.Debug|Any CPU.Build.0 = Debug|Any CPU
		{27BE4E2D-25F6-4E01-8A0A-F339FA24D356}.Release|Any CPU.ActiveCfg = Release|Any CPU
		{27BE4E2D-25F6-4E01-8A0A-F339FA24D356}.Release|Any CPU.Build.0 = Release|Any CPU
		{C9E939ED-8B22-468D-8A06-D4DEAB3262CA}.Debug|Any CPU.ActiveCfg = Debug|Any CPU
		{C9E939ED-8B22-468D-8A06-D4DEAB3262CA}.Debug|Any CPU.Build.0 = Debug|Any CPU
		{C9E939ED-8B22-468D-8A06-D4DEAB3262CA}.Release|Any CPU.ActiveCfg = Release|Any CPU
		{C9E939ED-8B22-468D-8A06-D4DEAB3262CA}.Release|Any CPU.Build.0 = Release|Any CPU
	EndGlobalSection
	GlobalSection(SolutionProperties) = preSolution
		HideSolutionNode = FALSE
	EndGlobalSection
	GlobalSection(ExtensibilityGlobals) = postSolution
		SolutionGuid = {3E3C5B6F-A9BE-4860-BE8F-D279663CFF1C}
	EndGlobalSection
EndGlobal
