
Microsoft Visual Studio Solution File, Format Version 12.00
# Visual Studio Version 17
VisualStudioVersion = 17.14.36109.1
MinimumVisualStudioVersion = 10.0.40219.1
Project("{FAE04EC0-301F-11D3-BF4B-00C04F79EFBC}") = "LB1_Calc", "LB1_Calc.csproj", "{27BE4E2D-25F6-4E01-8A0A-F339FA24D356}"
EndProject
Project("{FAE04EC0-301F-11D3-BF4B-00C04F79EFBC}") = "LB1_Conv", "..\LB1_Conv\LB1_Conv.csproj", "{C9E939ED-8B22-468D-8A06-D4DEAB3262CA}"
EndProject
Project("{FAE04EC0-301F-11D3-BF4B-00C04F79EFBC}") = "LB2_Driver", "..\..\ЛБ2\LB2_Driver\LB2_Driver.csproj", "{0B40C744-A121-4F6C-A14D-0CC29C80DCA4}"
EndProject
Project("{FAE04EC0-301F-11D3-BF4B-00C04F79EFBC}") = "LB2_CombatUnitCard", "..\..\ЛБ2\LB2_CombatUnitCard\LB2_CombatUnitCard.csproj", "{038C3FA9-03C6-4B6B-A1F2-F355BCA10CC6}"
EndProject
Project("{FAE04EC0-301F-11D3-BF4B-00C04F79EFBC}") = "LB3_DriverValid", "..\..\ЛБ3\LB3_DriverValid\LB3_DriverValid.csproj", "{918C7B43-F2FF-4F89-BA6D-3128F489B303}"
EndProject
Project("{FAE04EC0-301F-11D3-BF4B-00C04F79EFBC}") = "K-19", "..\..\ЛБ4\K-19\K-19.csproj", "{DF4E278C-CFF4-4D82-A6AE-41D67299AB4F}"
EndProject
Global
	GlobalSection(SolutionConfigurationPlatforms) = preSolution
		Debug|Any CPU = Debug|Any CPU
		Release|Any CPU = Release|Any CPU
	EndGlobalSection
	GlobalSection(ProjectConfigurationPlatforms) = postSolution
		{27BE4E2D-25F6-4E01-8A0A-F339FA24D356}.Debug|Any CPU.ActiveCfg = Debug|Any CPU
		{27BE4E2D-25F6-4E01-8A0A-F339FA24D356}.Debug|Any CPU.Build.0 = Debug|Any CPU
		{27BE4E2D-25F6-4E01-8A0A-F339FA24D356}.Release|Any CPU.ActiveCfg = Release|Any CPU
		{27BE4E2D-25F6-4E01-8A0A-F339FA24D356}.Release|Any CPU.Build.0 = Release|Any CPU
		{C9E939ED-8B22-468D-8A06-D4DEAB3262CA}.Debug|Any CPU.ActiveCfg = Debug|Any CPU
		{C9E939ED-8B22-468D-8A06-D4DEAB3262CA}.Debug|Any CPU.Build.0 = Debug|Any CPU
		{C9E939ED-8B22-468D-8A06-D4DEAB3262CA}.Release|Any CPU.ActiveCfg = Release|Any CPU
		{C9E939ED-8B22-468D-8A06-D4DEAB3262CA}.Release|Any CPU.Build.0 = Release|Any CPU
		{0B40C744-A121-4F6C-A14D-0CC29C80DCA4}.Debug|Any CPU.ActiveCfg = Debug|Any CPU
		{0B40C744-A121-4F6C-A14D-0CC29C80DCA4}.Debug|Any CPU.Build.0 = Debug|Any CPU
		{0B40C744-A121-4F6C-A14D-0CC29C80DCA4}.Release|Any CPU.ActiveCfg = Release|Any CPU
		{0B40C744-A121-4F6C-A14D-0CC29C80DCA4}.Release|Any CPU.Build.0 = Release|Any CPU
		{038C3FA9-03C6-4B6B-A1F2-F355BCA10CC6}.Debug|Any CPU.ActiveCfg = Debug|Any CPU
		{038C3FA9-03C6-4B6B-A1F2-F355BCA10CC6}.Debug|Any CPU.Build.0 = Debug|Any CPU
		{038C3FA9-03C6-4B6B-A1F2-F355BCA10CC6}.Release|Any CPU.ActiveCfg = Release|Any CPU
		{038C3FA9-03C6-4B6B-A1F2-F355BCA10CC6}.Release|Any CPU.Build.0 = Release|Any CPU
		{918C7B43-F2FF-4F89-BA6D-3128F489B303}.Debug|Any CPU.ActiveCfg = Debug|Any CPU
		{918C7B43-F2FF-4F89-BA6D-3128F489B303}.Debug|Any CPU.Build.0 = Debug|Any CPU
		{918C7B43-F2FF-4F89-BA6D-3128F489B303}.Release|Any CPU.ActiveCfg = Release|Any CPU
		{918C7B43-F2FF-4F89-BA6D-3128F489B303}.Release|Any CPU.Build.0 = Release|Any CPU
		{DF4E278C-CFF4-4D82-A6AE-41D67299AB4F}.Debug|Any CPU.ActiveCfg = Debug|Any CPU
		{DF4E278C-CFF4-4D82-A6AE-41D67299AB4F}.Debug|Any CPU.Build.0 = Debug|Any CPU
		{DF4E278C-CFF4-4D82-A6AE-41D67299AB4F}.Release|Any CPU.ActiveCfg = Release|Any CPU
		{DF4E278C-CFF4-4D82-A6AE-41D67299AB4F}.Release|Any CPU.Build.0 = Release|Any CPU
	EndGlobalSection
	GlobalSection(SolutionProperties) = preSolution
		HideSolutionNode = FALSE
	EndGlobalSection
	GlobalSection(ExtensibilityGlobals) = postSolution
		SolutionGuid = {3E3C5B6F-A9BE-4860-BE8F-D279663CFF1C}
	EndGlobalSection
EndGlobal
